
Microsoft Visual Studio Solution File, Format Version 12.00
# Visual Studio Version 16
VisualStudioVersion = 16.0.29418.71
MinimumVisualStudioVersion = 10.0.40219.1
Project("{9A19103F-16F7-4668-BE54-9A1E7A4F7556}") = "SicoobWrapperApi.BankCharges", "SicoobWrapperApi\SicoobWrapperApi.BankCharges.csproj", "{9EA18332-385D-4C2B-A27D-9F3A217B08DE}"
EndProject
Project("{FAE04EC0-301F-11D3-BF4B-00C04F79EFBC}") = "SicoobWrapperApi.ConsoleAppTests", "SicoobWrapperApi.ConsoleAppTests\SicoobWrapperApi.ConsoleAppTests.csproj", "{8968E980-E605-44F5-AF8E-B204D467A890}"
EndProject
Global
	GlobalSection(SolutionConfigurationPlatforms) = preSolution
		Debug|Any CPU = Debug|Any CPU
		Release|Any CPU = Release|Any CPU
	EndGlobalSection
	GlobalSection(ProjectConfigurationPlatforms) = postSolution
		{9EA18332-385D-4C2B-A27D-9F3A217B08DE}.Debug|Any CPU.ActiveCfg = Debug|Any CPU
		{9EA18332-385D-4C2B-A27D-9F3A217B08DE}.Debug|Any CPU.Build.0 = Debug|Any CPU
		{9EA18332-385D-4C2B-A27D-9F3A217B08DE}.Release|Any CPU.ActiveCfg = Release|Any CPU
		{9EA18332-385D-4C2B-A27D-9F3A217B08DE}.Release|Any CPU.Build.0 = Release|Any CPU
		{8968E980-E605-44F5-AF8E-B204D467A890}.Debug|Any CPU.ActiveCfg = Debug|Any CPU
		{8968E980-E605-44F5-AF8E-B204D467A890}.Debug|Any CPU.Build.0 = Debug|Any CPU
		{8968E980-E605-44F5-AF8E-B204D467A890}.Release|Any CPU.ActiveCfg = Release|Any CPU
		{8968E980-E605-44F5-AF8E-B204D467A890}.Release|Any CPU.Build.0 = Release|Any CPU
	EndGlobalSection
	GlobalSection(SolutionProperties) = preSolution
		HideSolutionNode = FALSE
	EndGlobalSection
	GlobalSection(ExtensibilityGlobals) = postSolution
		SolutionGuid = {D3C8D9D5-A499-4EAD-A309-D9E2985FD52A}
	EndGlobalSection
EndGlobal
